<?xml version="1.0" encoding="utf-8"?>
<Project ToolsVersion="4.0" xmlns="http://schemas.microsoft.com/developer/msbuild/2003">
  <ItemGroup>
    <Filter Include="Source Files">
      <UniqueIdentifier>{4FC737F1-C7A5-4376-A066-2A32D752A2FF}</UniqueIdentifier>
      <Extensions>cpp;c;cc;cxx;def;odl;idl;hpj;bat;asm;asmx</Extensions>
    </Filter>
    <Filter Include="Header Files">
      <UniqueIdentifier>{93995380-89BD-4b04-88EB-625FBE52EBFB}</UniqueIdentifier>
      <Extensions>h;hpp;hxx;hm;inl;inc;xsd</Extensions>
    </Filter>
    <Filter Include="Resource Files">
      <UniqueIdentifier>{67DA6AB6-F800-4c08-8B7A-83BB121AAD01}</UniqueIdentifier>
      <Extensions>rc;ico;cur;bmp;dlg;rc2;rct;bin;rgs;gif;jpg;jpeg;jpe;resx;tiff;tif;png;wav;mfcribbon-ms</Extensions>
    </Filter>
    <Filter Include="Header Files\TestCases">
      <UniqueIdentifier>{0601600c-b038-45f2-a0f0-ef65d9edc604}</UniqueIdentifier>
    </Filter>
    <Filter Include="Header Files\TestCases\TestCaseBratus">
      <UniqueIdentifier>{4a035f01-9ad2-4b9b-970d-f26f695ce692}</UniqueIdentifier>
    </Filter>
    <Filter Include="Header Files\ReplicatorModel">
      <UniqueIdentifier>{da1f0d5d-c890-4d98-bc2e-3e0633600f92}</UniqueIdentifier>
    </Filter>
    <Filter Include="Header Files\IterativeSolvers">
      <UniqueIdentifier>{ac6b9ed3-5418-4847-b6a6-7166c7857f04}</UniqueIdentifier>
    </Filter>
  </ItemGroup>
  <ItemGroup>
    <ClCompile Include="main.cpp">
      <Filter>Source Files</Filter>
    </ClCompile>
  </ItemGroup>
  <ItemGroup>
    <ClInclude Include="expm.h">
      <Filter>Header Files</Filter>
    </ClInclude>
    <ClInclude Include="src\TestCases\Tests.h">
      <Filter>Header Files\TestCases</Filter>
    </ClInclude>
    <ClInclude Include="src\TestCases\TestCaseBratus\TestCaseBratus.h">
      <Filter>Header Files\TestCases\TestCaseBratus</Filter>
    </ClInclude>
    <ClInclude Include="src\ReplicatorModel\ReplicatorModel.h">
      <Filter>Header Files\ReplicatorModel</Filter>
    </ClInclude>
    <ClInclude Include="src\TestCases\TestCase.h">
      <Filter>Header Files\TestCases</Filter>
    </ClInclude>
    <ClInclude Include="src\IterativeSolvers\bicgstab.h">
      <Filter>Header Files\IterativeSolvers</Filter>
    </ClInclude>
    <ClInclude Include="src\TestCases\TestCase2MatrixDiffusion\TestCase2MatrixDiffusion.h">
      <Filter>Header Files\TestCases\TestCaseBratus</Filter>
    </ClInclude>
  </ItemGroup>
</Project>